
Microsoft Visual Studio Solution File, Format Version 12.00
Project("{FAE04EC0-301F-11D3-BF4B-00C04F79EFBC}") = "StudentApplication", "StudentApplication\StudentApplication.csproj", "{ABAE5F3B-0795-43D7-9EA9-FA080257B27B}"
EndProject
Project("{FAE04EC0-301F-11D3-BF4B-00C04F79EFBC}") = "BLL", "BLL\BLL.csproj", "{6AD072F6-7F65-4691-AB24-9A38D54072F8}"
EndProject
Global
	GlobalSection(SolutionConfigurationPlatforms) = preSolution
		Debug|Any CPU = Debug|Any CPU
		Release|Any CPU = Release|Any CPU
	EndGlobalSection
	GlobalSection(ProjectConfigurationPlatforms) = postSolution
		{ABAE5F3B-0795-43D7-9EA9-FA080257B27B}.Debug|Any CPU.ActiveCfg = Debug|Any CPU
		{ABAE5F3B-0795-43D7-9EA9-FA080257B27B}.Debug|Any CPU.Build.0 = Debug|Any CPU
		{ABAE5F3B-0795-43D7-9EA9-FA080257B27B}.Release|Any CPU.ActiveCfg = Release|Any CPU
		{ABAE5F3B-0795-43D7-9EA9-FA080257B27B}.Release|Any CPU.Build.0 = Release|Any CPU
		{6AD072F6-7F65-4691-AB24-9A38D54072F8}.Debug|Any CPU.ActiveCfg = Debug|Any CPU
		{6AD072F6-7F65-4691-AB24-9A38D54072F8}.Debug|Any CPU.Build.0 = Debug|Any CPU
		{6AD072F6-7F65-4691-AB24-9A38D54072F8}.Release|Any CPU.ActiveCfg = Release|Any CPU
		{6AD072F6-7F65-4691-AB24-9A38D54072F8}.Release|Any CPU.Build.0 = Release|Any CPU
	EndGlobalSection
EndGlobal
